
Microsoft Visual Studio Solution File, Format Version 12.00
# Visual Studio Version 16
VisualStudioVersion = 16.0.31205.176
MinimumVisualStudioVersion = 10.0.40219.1
Project("{FAE04EC0-301F-11D3-BF4B-00C04F79EFBC}") = "myIsvService", "myIsvService\myIsvService.csproj", "{3B03F0B5-8E04-4E55-8A71-1FC3E7A36967}"
EndProject
Global
	GlobalSection(SolutionConfigurationPlatforms) = preSolution
		Debug|Any CPU = Debug|Any CPU
		Release|Any CPU = Release|Any CPU
	EndGlobalSection
	GlobalSection(ProjectConfigurationPlatforms) = postSolution
		{3B03F0B5-8E04-4E55-8A71-1FC3E7A36967}.Debug|Any CPU.ActiveCfg = Debug|Any CPU
		{3B03F0B5-8E04-4E55-8A71-1FC3E7A36967}.Debug|Any CPU.Build.0 = Debug|Any CPU
		{3B03F0B5-8E04-4E55-8A71-1FC3E7A36967}.Release|Any CPU.ActiveCfg = Release|Any CPU
		{3B03F0B5-8E04-4E55-8A71-1FC3E7A36967}.Release|Any CPU.Build.0 = Release|Any CPU
	EndGlobalSection
	GlobalSection(SolutionProperties) = preSolution
		HideSolutionNode = FALSE
	EndGlobalSection
	GlobalSection(ExtensibilityGlobals) = postSolution
		SolutionGuid = {10639024-0235-4C62-BD07-8992654E1732}
	EndGlobalSection
EndGlobal
